// !$*UTF8*$!
{
	archiveVersion = 1;
	classes = {
	};
	objectVersion = 56;
	objects = {

/* Begin PBXBuildFile section */
		68357B552A094C30008AE463 /* FCPlayerInfo.swift in Sources */ = {isa = PBXBuildFile; fileRef = 68357B542A094C30008AE463 /* FCPlayerInfo.swift */; };
		68488A3C2A0783C8003C64DF /* FCPlayerViewController.swift in Sources */ = {isa = PBXBuildFile; fileRef = 68488A3A2A0783C8003C64DF /* FCPlayerViewController.swift */; };
		68488A3D2A0783C8003C64DF /* FCPlayerViewController.xib in Resources */ = {isa = PBXBuildFile; fileRef = 68488A3B2A0783C8003C64DF /* FCPlayerViewController.xib */; };
		6850333E29FAA4E1000CEEB5 /* HandyJSON in Frameworks */ = {isa = PBXBuildFile; productRef = 6850333D29FAA4E1000CEEB5 /* HandyJSON */; };
		6863ADC02A02AC1800446A13 /* FCFileListViewController.xib in Resources */ = {isa = PBXBuildFile; fileRef = 6863ADBF2A02AC1800446A13 /* FCFileListViewController.xib */; };
		6863ADC32A02B98000446A13 /* FCVideoListInfo.swift in Sources */ = {isa = PBXBuildFile; fileRef = 6863ADC22A02B98000446A13 /* FCVideoListInfo.swift */; };
		6863ADD52A03DCA300446A13 /* FCQRBuilder.swift in Sources */ = {isa = PBXBuildFile; fileRef = 6863ADCE2A03DCA300446A13 /* FCQRBuilder.swift */; };
		6863ADD62A03DCA300446A13 /* FCNetworkUtil.swift in Sources */ = {isa = PBXBuildFile; fileRef = 6863ADD12A03DCA300446A13 /* FCNetworkUtil.swift */; };
		6863ADD72A03DCA300446A13 /* FCDeviceCodeInfo.swift in Sources */ = {isa = PBXBuildFile; fileRef = 6863ADD32A03DCA300446A13 /* FCDeviceCodeInfo.swift */; };
		6863ADD92A03DFF100446A13 /* DataConverter.swift in Sources */ = {isa = PBXBuildFile; fileRef = 6863ADD82A03DFF100446A13 /* DataConverter.swift */; };
		6863ADDD2A052EA900446A13 /* FCVideoItemCell.swift in Sources */ = {isa = PBXBuildFile; fileRef = 6863ADDB2A052EA900446A13 /* FCVideoItemCell.swift */; };
		6863ADDE2A052EA900446A13 /* FCVideoItemCell.xib in Resources */ = {isa = PBXBuildFile; fileRef = 6863ADDC2A052EA900446A13 /* FCVideoItemCell.xib */; };
		6863ADE02A053BDF00446A13 /* FCConstant.swift in Sources */ = {isa = PBXBuildFile; fileRef = 6863ADDF2A053BDF00446A13 /* FCConstant.swift */; };
		6863ADE32A053E6000446A13 /* FCLoginManager.swift in Sources */ = {isa = PBXBuildFile; fileRef = 6863ADE22A053E6000446A13 /* FCLoginManager.swift */; };
		6863ADE52A053EBC00446A13 /* UIViewController+Ext.swift in Sources */ = {isa = PBXBuildFile; fileRef = 6863ADE42A053EBC00446A13 /* UIViewController+Ext.swift */; };
		6863ADEE2A07317C00446A13 /* FCVideoCollectionViewHeader.swift in Sources */ = {isa = PBXBuildFile; fileRef = 6863ADEC2A07317C00446A13 /* FCVideoCollectionViewHeader.swift */; };
		6863ADEF2A07317C00446A13 /* FCVideoCollectionViewHeader.xib in Resources */ = {isa = PBXBuildFile; fileRef = 6863ADED2A07317C00446A13 /* FCVideoCollectionViewHeader.xib */; };
		6897335A29F5577200BC7630 /* Kingfisher in Frameworks */ = {isa = PBXBuildFile; productRef = 6897335929F5577200BC7630 /* Kingfisher */; };
		68ADC0B42A0FAEBD00B47438 /* TVVLCKit.xcframework in Frameworks */ = {isa = PBXBuildFile; fileRef = 68592A972A0F317A00F810D2 /* TVVLCKit.xcframework */; };
		68ADC0B52A0FAEBD00B47438 /* TVVLCKit.xcframework in Embed Frameworks */ = {isa = PBXBuildFile; fileRef = 68592A972A0F317A00F810D2 /* TVVLCKit.xcframework */; settings = {ATTRIBUTES = (CodeSignOnCopy, RemoveHeadersOnCopy, ); }; };
		68ADC0C12A13ACFD00B47438 /* FCSettingViewController.swift in Sources */ = {isa = PBXBuildFile; fileRef = 68ADC0BF2A13ACFD00B47438 /* FCSettingViewController.swift */; };
		68ADC0C22A13ACFD00B47438 /* FCSettingViewController.xib in Resources */ = {isa = PBXBuildFile; fileRef = 68ADC0C02A13ACFD00B47438 /* FCSettingViewController.xib */; };
		68ADC0C52A13D16D00B47438 /* FCSettingCell.swift in Sources */ = {isa = PBXBuildFile; fileRef = 68ADC0C32A13D16D00B47438 /* FCSettingCell.swift */; };
		68ADC0C62A13D16D00B47438 /* FCSettingCell.xib in Resources */ = {isa = PBXBuildFile; fileRef = 68ADC0C42A13D16D00B47438 /* FCSettingCell.xib */; };
		68ADC0CA2A1515E300B47438 /* FCFocusButton.swift in Sources */ = {isa = PBXBuildFile; fileRef = 68ADC0C92A1515E300B47438 /* FCFocusButton.swift */; };
		68ADC0CC2A15193000B47438 /* FCSettingItem.swift in Sources */ = {isa = PBXBuildFile; fileRef = 68ADC0CB2A15193000B47438 /* FCSettingItem.swift */; };
		68ADC0CE2A15210D00B47438 /* Colors.swift in Sources */ = {isa = PBXBuildFile; fileRef = 68ADC0CD2A15210D00B47438 /* Colors.swift */; };
		68CE2AFF2A184CE70042837B /* FCHomeCollectionViewCell.xib in Resources */ = {isa = PBXBuildFile; fileRef = 68CE2AFA2A184CE70042837B /* FCHomeCollectionViewCell.xib */; };
		68CE2B002A184CE70042837B /* FCHomeCollectionViewCell.swift in Sources */ = {isa = PBXBuildFile; fileRef = 68CE2AFB2A184CE70042837B /* FCHomeCollectionViewCell.swift */; };
		68CE2B012A184CE70042837B /* FCHomeViewController.swift in Sources */ = {isa = PBXBuildFile; fileRef = 68CE2AFD2A184CE70042837B /* FCHomeViewController.swift */; };
		68CE2B022A184CE70042837B /* FCHomeViewController.xib in Resources */ = {isa = PBXBuildFile; fileRef = 68CE2AFE2A184CE70042837B /* FCHomeViewController.xib */; };
		68CE2B052A18788A0042837B /* FCPlayControlView.swift in Sources */ = {isa = PBXBuildFile; fileRef = 68CE2B042A18788A0042837B /* FCPlayControlView.swift */; };
		68CE2B072A1878B10042837B /* FCPlayControlView.xib in Resources */ = {isa = PBXBuildFile; fileRef = 68CE2B062A1878B10042837B /* FCPlayControlView.xib */; };
		68CE6F1C29F3D47700DBE8F6 /* Assets.xcassets in Resources */ = {isa = PBXBuildFile; fileRef = 68CE6F1629F3D47700DBE8F6 /* Assets.xcassets */; };
		68CE6F1D29F3D47700DBE8F6 /* LaunchScreen.storyboard in Resources */ = {isa = PBXBuildFile; fileRef = 68CE6F1729F3D47700DBE8F6 /* LaunchScreen.storyboard */; };
		68CE6F1F29F3D47700DBE8F6 /* AppDelegate.swift in Sources */ = {isa = PBXBuildFile; fileRef = 68CE6F1B29F3D47700DBE8F6 /* AppDelegate.swift */; };
		68CE6F3229F3D64C00DBE8F6 /* FCLoginViewController.swift in Sources */ = {isa = PBXBuildFile; fileRef = 68CE6F3029F3D64C00DBE8F6 /* FCLoginViewController.swift */; };
		68CE6F3329F3D64C00DBE8F6 /* FCLoginViewController.xib in Resources */ = {isa = PBXBuildFile; fileRef = 68CE6F3129F3D64C00DBE8F6 /* FCLoginViewController.xib */; };
		68CE6F4529F3E91100DBE8F6 /* Alamofire in Frameworks */ = {isa = PBXBuildFile; productRef = 68CE6F4429F3E91100DBE8F6 /* Alamofire */; };
		68E7C5A52A02A182004D94CF /* FCFileListViewController.swift in Sources */ = {isa = PBXBuildFile; fileRef = 68E7C5A32A02A182004D94CF /* FCFileListViewController.swift */; };
/* End PBXBuildFile section */

/* Begin PBXCopyFilesBuildPhase section */
		68ADC0B62A0FAEBD00B47438 /* Embed Frameworks */ = {
			isa = PBXCopyFilesBuildPhase;
			buildActionMask = 2147483647;
			dstPath = "";
			dstSubfolderSpec = 10;
			files = (
				68ADC0B52A0FAEBD00B47438 /* TVVLCKit.xcframework in Embed Frameworks */,
			);
			name = "Embed Frameworks";
			runOnlyForDeploymentPostprocessing = 0;
		};
/* End PBXCopyFilesBuildPhase section */

/* Begin PBXFileReference section */
		5785CC4F16D46DC7DB6408C4 /* Pods_FlyCat.framework */ = {isa = PBXFileReference; explicitFileType = wrapper.framework; includeInIndex = 0; path = Pods_FlyCat.framework; sourceTree = BUILT_PRODUCTS_DIR; };
		68357B542A094C30008AE463 /* FCPlayerInfo.swift */ = {isa = PBXFileReference; lastKnownFileType = sourcecode.swift; path = FCPlayerInfo.swift; sourceTree = "<group>"; };
		68488A3A2A0783C8003C64DF /* FCPlayerViewController.swift */ = {isa = PBXFileReference; lastKnownFileType = sourcecode.swift; path = FCPlayerViewController.swift; sourceTree = "<group>"; };
		68488A3B2A0783C8003C64DF /* FCPlayerViewController.xib */ = {isa = PBXFileReference; lastKnownFileType = file.xib; path = FCPlayerViewController.xib; sourceTree = "<group>"; };
		68592A972A0F317A00F810D2 /* TVVLCKit.xcframework */ = {isa = PBXFileReference; lastKnownFileType = wrapper.xcframework; name = TVVLCKit.xcframework; path = "../../../Downloads/TVVLCKit-binary 3/TVVLCKit.xcframework"; sourceTree = "<group>"; };
		68592A9B2A0F323300F810D2 /* FlyCat-Bridging-header.h */ = {isa = PBXFileReference; lastKnownFileType = sourcecode.c.h; path = "FlyCat-Bridging-header.h"; sourceTree = "<group>"; };
		6863ADBF2A02AC1800446A13 /* FCFileListViewController.xib */ = {isa = PBXFileReference; fileEncoding = 4; lastKnownFileType = file.xib; path = FCFileListViewController.xib; sourceTree = "<group>"; };
		6863ADC22A02B98000446A13 /* FCVideoListInfo.swift */ = {isa = PBXFileReference; lastKnownFileType = sourcecode.swift; path = FCVideoListInfo.swift; sourceTree = "<group>"; };
		6863ADCE2A03DCA300446A13 /* FCQRBuilder.swift */ = {isa = PBXFileReference; fileEncoding = 4; lastKnownFileType = sourcecode.swift; path = FCQRBuilder.swift; sourceTree = "<group>"; };
		6863ADD12A03DCA300446A13 /* FCNetworkUtil.swift */ = {isa = PBXFileReference; fileEncoding = 4; lastKnownFileType = sourcecode.swift; path = FCNetworkUtil.swift; sourceTree = "<group>"; };
		6863ADD32A03DCA300446A13 /* FCDeviceCodeInfo.swift */ = {isa = PBXFileReference; fileEncoding = 4; lastKnownFileType = sourcecode.swift; path = FCDeviceCodeInfo.swift; sourceTree = "<group>"; };
		6863ADD82A03DFF100446A13 /* DataConverter.swift */ = {isa = PBXFileReference; lastKnownFileType = sourcecode.swift; path = DataConverter.swift; sourceTree = "<group>"; };
		6863ADDB2A052EA900446A13 /* FCVideoItemCell.swift */ = {isa = PBXFileReference; lastKnownFileType = sourcecode.swift; path = FCVideoItemCell.swift; sourceTree = "<group>"; };
		6863ADDC2A052EA900446A13 /* FCVideoItemCell.xib */ = {isa = PBXFileReference; lastKnownFileType = file.xib; path = FCVideoItemCell.xib; sourceTree = "<group>"; };
		6863ADDF2A053BDF00446A13 /* FCConstant.swift */ = {isa = PBXFileReference; lastKnownFileType = sourcecode.swift; path = FCConstant.swift; sourceTree = "<group>"; };
		6863ADE22A053E6000446A13 /* FCLoginManager.swift */ = {isa = PBXFileReference; lastKnownFileType = sourcecode.swift; path = FCLoginManager.swift; sourceTree = "<group>"; };
		6863ADE42A053EBC00446A13 /* UIViewController+Ext.swift */ = {isa = PBXFileReference; fileEncoding = 4; lastKnownFileType = sourcecode.swift; path = "UIViewController+Ext.swift"; sourceTree = "<group>"; };
		6863ADEC2A07317C00446A13 /* FCVideoCollectionViewHeader.swift */ = {isa = PBXFileReference; lastKnownFileType = sourcecode.swift; path = FCVideoCollectionViewHeader.swift; sourceTree = "<group>"; };
		6863ADED2A07317C00446A13 /* FCVideoCollectionViewHeader.xib */ = {isa = PBXFileReference; lastKnownFileType = file.xib; path = FCVideoCollectionViewHeader.xib; sourceTree = "<group>"; };
		68A93D312A21A5B800AA8C90 /* FlyCat-Info.plist */ = {isa = PBXFileReference; lastKnownFileType = text.plist; path = "FlyCat-Info.plist"; sourceTree = "<group>"; };
		68ADC0BF2A13ACFD00B47438 /* FCSettingViewController.swift */ = {isa = PBXFileReference; lastKnownFileType = sourcecode.swift; path = FCSettingViewController.swift; sourceTree = "<group>"; };
		68ADC0C02A13ACFD00B47438 /* FCSettingViewController.xib */ = {isa = PBXFileReference; lastKnownFileType = file.xib; path = FCSettingViewController.xib; sourceTree = "<group>"; };
		68ADC0C32A13D16D00B47438 /* FCSettingCell.swift */ = {isa = PBXFileReference; lastKnownFileType = sourcecode.swift; path = FCSettingCell.swift; sourceTree = "<group>"; };
		68ADC0C42A13D16D00B47438 /* FCSettingCell.xib */ = {isa = PBXFileReference; lastKnownFileType = file.xib; path = FCSettingCell.xib; sourceTree = "<group>"; };
		68ADC0C92A1515E300B47438 /* FCFocusButton.swift */ = {isa = PBXFileReference; lastKnownFileType = sourcecode.swift; path = FCFocusButton.swift; sourceTree = "<group>"; };
		68ADC0CB2A15193000B47438 /* FCSettingItem.swift */ = {isa = PBXFileReference; lastKnownFileType = sourcecode.swift; path = FCSettingItem.swift; sourceTree = "<group>"; };
		68ADC0CD2A15210D00B47438 /* Colors.swift */ = {isa = PBXFileReference; lastKnownFileType = sourcecode.swift; path = Colors.swift; sourceTree = "<group>"; };
		68CE2AFA2A184CE70042837B /* FCHomeCollectionViewCell.xib */ = {isa = PBXFileReference; fileEncoding = 4; lastKnownFileType = file.xib; path = FCHomeCollectionViewCell.xib; sourceTree = "<group>"; };
		68CE2AFB2A184CE70042837B /* FCHomeCollectionViewCell.swift */ = {isa = PBXFileReference; fileEncoding = 4; lastKnownFileType = sourcecode.swift; path = FCHomeCollectionViewCell.swift; sourceTree = "<group>"; };
		68CE2AFD2A184CE70042837B /* FCHomeViewController.swift */ = {isa = PBXFileReference; fileEncoding = 4; lastKnownFileType = sourcecode.swift; path = FCHomeViewController.swift; sourceTree = "<group>"; };
		68CE2AFE2A184CE70042837B /* FCHomeViewController.xib */ = {isa = PBXFileReference; fileEncoding = 4; lastKnownFileType = file.xib; path = FCHomeViewController.xib; sourceTree = "<group>"; };
		68CE2B042A18788A0042837B /* FCPlayControlView.swift */ = {isa = PBXFileReference; lastKnownFileType = sourcecode.swift; path = FCPlayControlView.swift; sourceTree = "<group>"; };
		68CE2B062A1878B10042837B /* FCPlayControlView.xib */ = {isa = PBXFileReference; lastKnownFileType = file.xib; path = FCPlayControlView.xib; sourceTree = "<group>"; };
		68CE6F0029F3D42C00DBE8F6 /* FlyCat.app */ = {isa = PBXFileReference; explicitFileType = wrapper.application; includeInIndex = 0; path = FlyCat.app; sourceTree = BUILT_PRODUCTS_DIR; };
		68CE6F1629F3D47700DBE8F6 /* Assets.xcassets */ = {isa = PBXFileReference; lastKnownFileType = folder.assetcatalog; path = Assets.xcassets; sourceTree = "<group>"; };
		68CE6F1829F3D47700DBE8F6 /* Base */ = {isa = PBXFileReference; lastKnownFileType = file.storyboard; name = Base; path = Base.lproj/LaunchScreen.storyboard; sourceTree = "<group>"; };
		68CE6F1B29F3D47700DBE8F6 /* AppDelegate.swift */ = {isa = PBXFileReference; fileEncoding = 4; lastKnownFileType = sourcecode.swift; path = AppDelegate.swift; sourceTree = "<group>"; };
		68CE6F3029F3D64C00DBE8F6 /* FCLoginViewController.swift */ = {isa = PBXFileReference; lastKnownFileType = sourcecode.swift; path = FCLoginViewController.swift; sourceTree = "<group>"; };
		68CE6F3129F3D64C00DBE8F6 /* FCLoginViewController.xib */ = {isa = PBXFileReference; lastKnownFileType = file.xib; path = FCLoginViewController.xib; sourceTree = "<group>"; };
		68E7C5A32A02A182004D94CF /* FCFileListViewController.swift */ = {isa = PBXFileReference; lastKnownFileType = sourcecode.swift; path = FCFileListViewController.swift; sourceTree = "<group>"; };
/* End PBXFileReference section */

/* Begin PBXFrameworksBuildPhase section */
		68CE6EFD29F3D42C00DBE8F6 /* Frameworks */ = {
			isa = PBXFrameworksBuildPhase;
			buildActionMask = 2147483647;
			files = (
				6897335A29F5577200BC7630 /* Kingfisher in Frameworks */,
				68CE6F4529F3E91100DBE8F6 /* Alamofire in Frameworks */,
				68ADC0B42A0FAEBD00B47438 /* TVVLCKit.xcframework in Frameworks */,
				6850333E29FAA4E1000CEEB5 /* HandyJSON in Frameworks */,
			);
			runOnlyForDeploymentPostprocessing = 0;
		};
/* End PBXFrameworksBuildPhase section */

/* Begin PBXGroup section */
		68357B532A094B9C008AE463 /* Model */ = {
			isa = PBXGroup;
			children = (
				68357B542A094C30008AE463 /* FCPlayerInfo.swift */,
			);
			path = Model;
			sourceTree = "<group>";
		};
		6863ADC12A02AC3800446A13 /* Model */ = {
			isa = PBXGroup;
			children = (
				6863ADC22A02B98000446A13 /* FCVideoListInfo.swift */,
			);
			path = Model;
			sourceTree = "<group>";
		};
		6863ADC72A03DCA300446A13 /* UIKit */ = {
			isa = PBXGroup;
			children = (
				6863ADC82A03DCA300446A13 /* ViewController */,
				6863ADC92A03DCA300446A13 /* Views */,
				6863ADCA2A03DCA300446A13 /* Player */,
			);
			path = UIKit;
			sourceTree = "<group>";
		};
		6863ADC82A03DCA300446A13 /* ViewController */ = {
			isa = PBXGroup;
			children = (
				6863ADE42A053EBC00446A13 /* UIViewController+Ext.swift */,
			);
			path = ViewController;
			sourceTree = "<group>";
		};
		6863ADC92A03DCA300446A13 /* Views */ = {
			isa = PBXGroup;
			children = (
				68ADC0C92A1515E300B47438 /* FCFocusButton.swift */,
				68ADC0CD2A15210D00B47438 /* Colors.swift */,
			);
			path = Views;
			sourceTree = "<group>";
		};
		6863ADCA2A03DCA300446A13 /* Player */ = {
			isa = PBXGroup;
			children = (
			);
			path = Player;
			sourceTree = "<group>";
		};
		6863ADCB2A03DCA300446A13 /* Foundation */ = {
			isa = PBXGroup;
			children = (
				6863ADCC2A03DCA300446A13 /* Util */,
				6863ADCF2A03DCA300446A13 /* Constants */,
				6863ADD02A03DCA300446A13 /* Network */,
				6863ADD22A03DCA300446A13 /* User */,
			);
			path = Foundation;
			sourceTree = "<group>";
		};
		6863ADCC2A03DCA300446A13 /* Util */ = {
			isa = PBXGroup;
			children = (
				6863ADCE2A03DCA300446A13 /* FCQRBuilder.swift */,
				6863ADD82A03DFF100446A13 /* DataConverter.swift */,
				68592A9B2A0F323300F810D2 /* FlyCat-Bridging-header.h */,
			);
			path = Util;
			sourceTree = "<group>";
		};
		6863ADCF2A03DCA300446A13 /* Constants */ = {
			isa = PBXGroup;
			children = (
				6863ADDF2A053BDF00446A13 /* FCConstant.swift */,
			);
			path = Constants;
			sourceTree = "<group>";
		};
		6863ADD02A03DCA300446A13 /* Network */ = {
			isa = PBXGroup;
			children = (
				6863ADD12A03DCA300446A13 /* FCNetworkUtil.swift */,
			);
			path = Network;
			sourceTree = "<group>";
		};
		6863ADD22A03DCA300446A13 /* User */ = {
			isa = PBXGroup;
			children = (
				6863ADD32A03DCA300446A13 /* FCDeviceCodeInfo.swift */,
			);
			path = User;
			sourceTree = "<group>";
		};
		6863ADDA2A052E3800446A13 /* View */ = {
			isa = PBXGroup;
			children = (
				6863ADEB2A072F2700446A13 /* Header */,
				6863ADEA2A072F1B00446A13 /* Cell */,
			);
			path = View;
			sourceTree = "<group>";
		};
		6863ADE12A053E4100446A13 /* Manager */ = {
			isa = PBXGroup;
			children = (
				6863ADE22A053E6000446A13 /* FCLoginManager.swift */,
			);
			path = Manager;
			sourceTree = "<group>";
		};
		6863ADEA2A072F1B00446A13 /* Cell */ = {
			isa = PBXGroup;
			children = (
				6863ADDB2A052EA900446A13 /* FCVideoItemCell.swift */,
				6863ADDC2A052EA900446A13 /* FCVideoItemCell.xib */,
			);
			path = Cell;
			sourceTree = "<group>";
		};
		6863ADEB2A072F2700446A13 /* Header */ = {
			isa = PBXGroup;
			children = (
				6863ADEC2A07317C00446A13 /* FCVideoCollectionViewHeader.swift */,
				6863ADED2A07317C00446A13 /* FCVideoCollectionViewHeader.xib */,
			);
			path = Header;
			sourceTree = "<group>";
		};
		6863ADF22A07835700446A13 /* Player */ = {
			isa = PBXGroup;
			children = (
				68CE2B032A1878670042837B /* View */,
				68357B532A094B9C008AE463 /* Model */,
				6863ADF32A07836000446A13 /* ViewController */,
			);
			path = Player;
			sourceTree = "<group>";
		};
		6863ADF32A07836000446A13 /* ViewController */ = {
			isa = PBXGroup;
			children = (
				68488A3A2A0783C8003C64DF /* FCPlayerViewController.swift */,
				68488A3B2A0783C8003C64DF /* FCPlayerViewController.xib */,
			);
			path = ViewController;
			sourceTree = "<group>";
		};
		68ADC0B72A13AC2300B47438 /* Setting */ = {
			isa = PBXGroup;
			children = (
				68ADC0BE2A13ACD500B47438 /* Model */,
				68ADC0BD2A13ACC800B47438 /* View */,
				68ADC0BA2A13ACB200B47438 /* ViewController */,
			);
			path = Setting;
			sourceTree = "<group>";
		};
		68ADC0BA2A13ACB200B47438 /* ViewController */ = {
			isa = PBXGroup;
			children = (
				68ADC0BF2A13ACFD00B47438 /* FCSettingViewController.swift */,
				68ADC0C02A13ACFD00B47438 /* FCSettingViewController.xib */,
			);
			path = ViewController;
			sourceTree = "<group>";
		};
		68ADC0BD2A13ACC800B47438 /* View */ = {
			isa = PBXGroup;
			children = (
				68ADC0C32A13D16D00B47438 /* FCSettingCell.swift */,
				68ADC0C42A13D16D00B47438 /* FCSettingCell.xib */,
			);
			path = View;
			sourceTree = "<group>";
		};
		68ADC0BE2A13ACD500B47438 /* Model */ = {
			isa = PBXGroup;
			children = (
				68ADC0CB2A15193000B47438 /* FCSettingItem.swift */,
			);
			path = Model;
			sourceTree = "<group>";
		};
		68CE2AF82A184CE60042837B /* Home */ = {
			isa = PBXGroup;
			children = (
				68CE2AF92A184CE70042837B /* View */,
				68CE2AFC2A184CE70042837B /* ViewController */,
			);
			path = Home;
			sourceTree = "<group>";
		};
		68CE2AF92A184CE70042837B /* View */ = {
			isa = PBXGroup;
			children = (
				68CE2AFA2A184CE70042837B /* FCHomeCollectionViewCell.xib */,
				68CE2AFB2A184CE70042837B /* FCHomeCollectionViewCell.swift */,
			);
			path = View;
			sourceTree = "<group>";
		};
		68CE2AFC2A184CE70042837B /* ViewController */ = {
			isa = PBXGroup;
			children = (
				68CE2AFD2A184CE70042837B /* FCHomeViewController.swift */,
				68CE2AFE2A184CE70042837B /* FCHomeViewController.xib */,
			);
			path = ViewController;
			sourceTree = "<group>";
		};
		68CE2B032A1878670042837B /* View */ = {
			isa = PBXGroup;
			children = (
				68CE2B042A18788A0042837B /* FCPlayControlView.swift */,
				68CE2B062A1878B10042837B /* FCPlayControlView.xib */,
			);
			path = View;
			sourceTree = "<group>";
		};
		68CE6EF729F3D42C00DBE8F6 = {
			isa = PBXGroup;
			children = (
				68A93D312A21A5B800AA8C90 /* FlyCat-Info.plist */,
				68E6FD402A0D25840094F9DB /* Vendor */,
				68CE6F2629F3D5C400DBE8F6 /* Base */,
				68CE6F2229F3D5BC00DBE8F6 /* Pages */,
				68CE6F1529F3D47700DBE8F6 /* Support */,
				68CE6F0129F3D42C00DBE8F6 /* Products */,
				E43BE1FB8C44210B02838956 /* Frameworks */,
			);
			sourceTree = "<group>";
		};
		68CE6F0129F3D42C00DBE8F6 /* Products */ = {
			isa = PBXGroup;
			children = (
				68CE6F0029F3D42C00DBE8F6 /* FlyCat.app */,
			);
			name = Products;
			sourceTree = "<group>";
		};
		68CE6F1529F3D47700DBE8F6 /* Support */ = {
			isa = PBXGroup;
			children = (
				68CE6F1629F3D47700DBE8F6 /* Assets.xcassets */,
				68CE6F1729F3D47700DBE8F6 /* LaunchScreen.storyboard */,
				68CE6F1B29F3D47700DBE8F6 /* AppDelegate.swift */,
			);
			path = Support;
			sourceTree = "<group>";
		};
		68CE6F2229F3D5BC00DBE8F6 /* Pages */ = {
			isa = PBXGroup;
			children = (
				68CE2AF82A184CE60042837B /* Home */,
				68ADC0B72A13AC2300B47438 /* Setting */,
				6863ADF22A07835700446A13 /* Player */,
				68E7C5A129FAC195004D94CF /* FileList */,
				68CE6F2E29F3D61F00DBE8F6 /* Login */,
			);
			path = Pages;
			sourceTree = "<group>";
		};
		68CE6F2629F3D5C400DBE8F6 /* Base */ = {
			isa = PBXGroup;
			children = (
				6863ADCB2A03DCA300446A13 /* Foundation */,
				6863ADC72A03DCA300446A13 /* UIKit */,
			);
			path = Base;
			sourceTree = "<group>";
		};
		68CE6F2E29F3D61F00DBE8F6 /* Login */ = {
			isa = PBXGroup;
			children = (
				6863ADE12A053E4100446A13 /* Manager */,
				68CE6F3429F3D65300DBE8F6 /* ViewController */,
			);
			path = Login;
			sourceTree = "<group>";
		};
		68CE6F3429F3D65300DBE8F6 /* ViewController */ = {
			isa = PBXGroup;
			children = (
				68CE6F3029F3D64C00DBE8F6 /* FCLoginViewController.swift */,
				68CE6F3129F3D64C00DBE8F6 /* FCLoginViewController.xib */,
			);
			path = ViewController;
			sourceTree = "<group>";
		};
		68E6FD402A0D25840094F9DB /* Vendor */ = {
			isa = PBXGroup;
			children = (
				68592A972A0F317A00F810D2 /* TVVLCKit.xcframework */,
			);
			path = Vendor;
			sourceTree = "<group>";
		};
		68E7C5A129FAC195004D94CF /* FileList */ = {
			isa = PBXGroup;
			children = (
				6863ADDA2A052E3800446A13 /* View */,
				6863ADC12A02AC3800446A13 /* Model */,
				68E7C5A72A02ABE3004D94CF /* ViewController */,
			);
			path = FileList;
			sourceTree = "<group>";
		};
		68E7C5A72A02ABE3004D94CF /* ViewController */ = {
			isa = PBXGroup;
			children = (
				68E7C5A32A02A182004D94CF /* FCFileListViewController.swift */,
				6863ADBF2A02AC1800446A13 /* FCFileListViewController.xib */,
			);
			path = ViewController;
			sourceTree = "<group>";
		};
		E43BE1FB8C44210B02838956 /* Frameworks */ = {
			isa = PBXGroup;
			children = (
				5785CC4F16D46DC7DB6408C4 /* Pods_FlyCat.framework */,
			);
			name = Frameworks;
			sourceTree = "<group>";
		};
/* End PBXGroup section */

/* Begin PBXNativeTarget section */
		68CE6EFF29F3D42C00DBE8F6 /* FlyCat */ = {
			isa = PBXNativeTarget;
			buildConfigurationList = 68CE6F1129F3D42D00DBE8F6 /* Build configuration list for PBXNativeTarget "FlyCat" */;
			buildPhases = (
				68CE6EFC29F3D42C00DBE8F6 /* Sources */,
				68CE6EFD29F3D42C00DBE8F6 /* Frameworks */,
				68CE6EFE29F3D42C00DBE8F6 /* Resources */,
				68ADC0B62A0FAEBD00B47438 /* Embed Frameworks */,
			);
			buildRules = (
			);
			dependencies = (
			);
			name = FlyCat;
			packageProductDependencies = (
				68CE6F4429F3E91100DBE8F6 /* Alamofire */,
				6897335929F5577200BC7630 /* Kingfisher */,
				6850333D29FAA4E1000CEEB5 /* HandyJSON */,
			);
			productName = FlyCat;
			productReference = 68CE6F0029F3D42C00DBE8F6 /* FlyCat.app */;
			productType = "com.apple.product-type.application";
		};
/* End PBXNativeTarget section */

/* Begin PBXProject section */
		68CE6EF829F3D42C00DBE8F6 /* Project object */ = {
			isa = PBXProject;
			attributes = {
				BuildIndependentTargetsInParallel = 1;
				LastSwiftUpdateCheck = 1420;
				LastUpgradeCheck = 1420;
				TargetAttributes = {
					68CE6EFF29F3D42C00DBE8F6 = {
						CreatedOnToolsVersion = 14.2;
						LastSwiftMigration = 1420;
					};
				};
			};
			buildConfigurationList = 68CE6EFB29F3D42C00DBE8F6 /* Build configuration list for PBXProject "FlyCat" */;
			compatibilityVersion = "Xcode 14.0";
			developmentRegion = en;
			hasScannedForEncodings = 0;
			knownRegions = (
				en,
				Base,
			);
			mainGroup = 68CE6EF729F3D42C00DBE8F6;
			packageReferences = (
				68CE6F4329F3E91100DBE8F6 /* XCRemoteSwiftPackageReference "Alamofire" */,
				6897335829F5577200BC7630 /* XCRemoteSwiftPackageReference "Kingfisher" */,
				6850333C29FAA4E1000CEEB5 /* XCRemoteSwiftPackageReference "HandyJSON" */,
			);
			productRefGroup = 68CE6F0129F3D42C00DBE8F6 /* Products */;
			projectDirPath = "";
			projectRoot = "";
			targets = (
				68CE6EFF29F3D42C00DBE8F6 /* FlyCat */,
			);
		};
/* End PBXProject section */

/* Begin PBXResourcesBuildPhase section */
		68CE6EFE29F3D42C00DBE8F6 /* Resources */ = {
			isa = PBXResourcesBuildPhase;
			buildActionMask = 2147483647;
			files = (
				68ADC0C62A13D16D00B47438 /* FCSettingCell.xib in Resources */,
				68CE2B072A1878B10042837B /* FCPlayControlView.xib in Resources */,
				6863ADEF2A07317C00446A13 /* FCVideoCollectionViewHeader.xib in Resources */,
				68CE6F1C29F3D47700DBE8F6 /* Assets.xcassets in Resources */,
				68ADC0C22A13ACFD00B47438 /* FCSettingViewController.xib in Resources */,
				68488A3D2A0783C8003C64DF /* FCPlayerViewController.xib in Resources */,
				6863ADDE2A052EA900446A13 /* FCVideoItemCell.xib in Resources */,
				68CE2AFF2A184CE70042837B /* FCHomeCollectionViewCell.xib in Resources */,
				6863ADC02A02AC1800446A13 /* FCFileListViewController.xib in Resources */,
				68CE6F1D29F3D47700DBE8F6 /* LaunchScreen.storyboard in Resources */,
				68CE2B022A184CE70042837B /* FCHomeViewController.xib in Resources */,
				68CE6F3329F3D64C00DBE8F6 /* FCLoginViewController.xib in Resources */,
			);
			runOnlyForDeploymentPostprocessing = 0;
		};
/* End PBXResourcesBuildPhase section */

/* Begin PBXSourcesBuildPhase section */
		68CE6EFC29F3D42C00DBE8F6 /* Sources */ = {
			isa = PBXSourcesBuildPhase;
			buildActionMask = 2147483647;
			files = (
				68357B552A094C30008AE463 /* FCPlayerInfo.swift in Sources */,
				68CE2B052A18788A0042837B /* FCPlayControlView.swift in Sources */,
				68CE2B002A184CE70042837B /* FCHomeCollectionViewCell.swift in Sources */,
				68ADC0CE2A15210D00B47438 /* Colors.swift in Sources */,
				6863ADDD2A052EA900446A13 /* FCVideoItemCell.swift in Sources */,
				6863ADE52A053EBC00446A13 /* UIViewController+Ext.swift in Sources */,
				6863ADE02A053BDF00446A13 /* FCConstant.swift in Sources */,
				6863ADE32A053E6000446A13 /* FCLoginManager.swift in Sources */,
				68CE2B012A184CE70042837B /* FCHomeViewController.swift in Sources */,
				68488A3C2A0783C8003C64DF /* FCPlayerViewController.swift in Sources */,
				68ADC0C52A13D16D00B47438 /* FCSettingCell.swift in Sources */,
				6863ADD72A03DCA300446A13 /* FCDeviceCodeInfo.swift in Sources */,
				68ADC0CC2A15193000B47438 /* FCSettingItem.swift in Sources */,
				6863ADD62A03DCA300446A13 /* FCNetworkUtil.swift in Sources */,
				68ADC0CA2A1515E300B47438 /* FCFocusButton.swift in Sources */,
				6863ADEE2A07317C00446A13 /* FCVideoCollectionViewHeader.swift in Sources */,
				68E7C5A52A02A182004D94CF /* FCFileListViewController.swift in Sources */,
				68CE6F1F29F3D47700DBE8F6 /* AppDelegate.swift in Sources */,
				68CE6F3229F3D64C00DBE8F6 /* FCLoginViewController.swift in Sources */,
				6863ADD92A03DFF100446A13 /* DataConverter.swift in Sources */,
				6863ADC32A02B98000446A13 /* FCVideoListInfo.swift in Sources */,
				68ADC0C12A13ACFD00B47438 /* FCSettingViewController.swift in Sources */,
				6863ADD52A03DCA300446A13 /* FCQRBuilder.swift in Sources */,
			);
			runOnlyForDeploymentPostprocessing = 0;
		};
/* End PBXSourcesBuildPhase section */

/* Begin PBXVariantGroup section */
		68CE6F1729F3D47700DBE8F6 /* LaunchScreen.storyboard */ = {
			isa = PBXVariantGroup;
			children = (
				68CE6F1829F3D47700DBE8F6 /* Base */,
			);
			name = LaunchScreen.storyboard;
			sourceTree = "<group>";
		};
/* End PBXVariantGroup section */

/* Begin XCBuildConfiguration section */
		68CE6F0F29F3D42D00DBE8F6 /* Debug */ = {
			isa = XCBuildConfiguration;
			buildSettings = {
				ALWAYS_SEARCH_USER_PATHS = NO;
				CLANG_ANALYZER_NONNULL = YES;
				CLANG_ANALYZER_NUMBER_OBJECT_CONVERSION = YES_AGGRESSIVE;
				CLANG_CXX_LANGUAGE_STANDARD = "gnu++20";
				CLANG_ENABLE_MODULES = YES;
				CLANG_ENABLE_OBJC_ARC = YES;
				CLANG_ENABLE_OBJC_WEAK = YES;
				CLANG_WARN_BLOCK_CAPTURE_AUTORELEASING = YES;
				CLANG_WARN_BOOL_CONVERSION = YES;
				CLANG_WARN_COMMA = YES;
				CLANG_WARN_CONSTANT_CONVERSION = YES;
				CLANG_WARN_DEPRECATED_OBJC_IMPLEMENTATIONS = YES;
				CLANG_WARN_DIRECT_OBJC_ISA_USAGE = YES_ERROR;
				CLANG_WARN_DOCUMENTATION_COMMENTS = YES;
				CLANG_WARN_EMPTY_BODY = YES;
				CLANG_WARN_ENUM_CONVERSION = YES;
				CLANG_WARN_INFINITE_RECURSION = YES;
				CLANG_WARN_INT_CONVERSION = YES;
				CLANG_WARN_NON_LITERAL_NULL_CONVERSION = YES;
				CLANG_WARN_OBJC_IMPLICIT_RETAIN_SELF = YES;
				CLANG_WARN_OBJC_LITERAL_CONVERSION = YES;
				CLANG_WARN_OBJC_ROOT_CLASS = YES_ERROR;
				CLANG_WARN_QUOTED_INCLUDE_IN_FRAMEWORK_HEADER = YES;
				CLANG_WARN_RANGE_LOOP_ANALYSIS = YES;
				CLANG_WARN_STRICT_PROTOTYPES = YES;
				CLANG_WARN_SUSPICIOUS_MOVE = YES;
				CLANG_WARN_UNGUARDED_AVAILABILITY = YES_AGGRESSIVE;
				CLANG_WARN_UNREACHABLE_CODE = YES;
				CLANG_WARN__DUPLICATE_METHOD_MATCH = YES;
				CODE_SIGN_IDENTITY = "Apple Distribution: chunyu du (8P23C332Y5)";
				COPY_PHASE_STRIP = NO;
				DEBUG_INFORMATION_FORMAT = dwarf;
				ENABLE_STRICT_OBJC_MSGSEND = YES;
				ENABLE_TESTABILITY = YES;
				GCC_C_LANGUAGE_STANDARD = gnu11;
				GCC_DYNAMIC_NO_PIC = NO;
				GCC_NO_COMMON_BLOCKS = YES;
				GCC_OPTIMIZATION_LEVEL = 0;
				GCC_PREPROCESSOR_DEFINITIONS = (
					"DEBUG=1",
					"$(inherited)",
				);
				GCC_WARN_64_TO_32_BIT_CONVERSION = YES;
				GCC_WARN_ABOUT_RETURN_TYPE = YES_ERROR;
				GCC_WARN_UNDECLARED_SELECTOR = YES;
				GCC_WARN_UNINITIALIZED_AUTOS = YES_AGGRESSIVE;
				GCC_WARN_UNUSED_FUNCTION = YES;
				GCC_WARN_UNUSED_VARIABLE = YES;
				MTL_ENABLE_DEBUG_INFO = INCLUDE_SOURCE;
				MTL_FAST_MATH = YES;
				ONLY_ACTIVE_ARCH = YES;
				SDKROOT = appletvos;
				SWIFT_ACTIVE_COMPILATION_CONDITIONS = DEBUG;
				SWIFT_OPTIMIZATION_LEVEL = "-Onone";
				TVOS_DEPLOYMENT_TARGET = 16.1;
			};
			name = Debug;
		};
		68CE6F1029F3D42D00DBE8F6 /* Release */ = {
			isa = XCBuildConfiguration;
			buildSettings = {
				ALWAYS_SEARCH_USER_PATHS = NO;
				CLANG_ANALYZER_NONNULL = YES;
				CLANG_ANALYZER_NUMBER_OBJECT_CONVERSION = YES_AGGRESSIVE;
				CLANG_CXX_LANGUAGE_STANDARD = "gnu++20";
				CLANG_ENABLE_MODULES = YES;
				CLANG_ENABLE_OBJC_ARC = YES;
				CLANG_ENABLE_OBJC_WEAK = YES;
				CLANG_WARN_BLOCK_CAPTURE_AUTORELEASING = YES;
				CLANG_WARN_BOOL_CONVERSION = YES;
				CLANG_WARN_COMMA = YES;
				CLANG_WARN_CONSTANT_CONVERSION = YES;
				CLANG_WARN_DEPRECATED_OBJC_IMPLEMENTATIONS = YES;
				CLANG_WARN_DIRECT_OBJC_ISA_USAGE = YES_ERROR;
				CLANG_WARN_DOCUMENTATION_COMMENTS = YES;
				CLANG_WARN_EMPTY_BODY = YES;
				CLANG_WARN_ENUM_CONVERSION = YES;
				CLANG_WARN_INFINITE_RECURSION = YES;
				CLANG_WARN_INT_CONVERSION = YES;
				CLANG_WARN_NON_LITERAL_NULL_CONVERSION = YES;
				CLANG_WARN_OBJC_IMPLICIT_RETAIN_SELF = YES;
				CLANG_WARN_OBJC_LITERAL_CONVERSION = YES;
				CLANG_WARN_OBJC_ROOT_CLASS = YES_ERROR;
				CLANG_WARN_QUOTED_INCLUDE_IN_FRAMEWORK_HEADER = YES;
				CLANG_WARN_RANGE_LOOP_ANALYSIS = YES;
				CLANG_WARN_STRICT_PROTOTYPES = YES;
				CLANG_WARN_SUSPICIOUS_MOVE = YES;
				CLANG_WARN_UNGUARDED_AVAILABILITY = YES_AGGRESSIVE;
				CLANG_WARN_UNREACHABLE_CODE = YES;
				CLANG_WARN__DUPLICATE_METHOD_MATCH = YES;
				CODE_SIGN_IDENTITY = "Apple Distribution: chunyu du (8P23C332Y5)";
				COPY_PHASE_STRIP = NO;
				DEBUG_INFORMATION_FORMAT = "dwarf-with-dsym";
				ENABLE_NS_ASSERTIONS = NO;
				ENABLE_STRICT_OBJC_MSGSEND = YES;
				GCC_C_LANGUAGE_STANDARD = gnu11;
				GCC_NO_COMMON_BLOCKS = YES;
				GCC_WARN_64_TO_32_BIT_CONVERSION = YES;
				GCC_WARN_ABOUT_RETURN_TYPE = YES_ERROR;
				GCC_WARN_UNDECLARED_SELECTOR = YES;
				GCC_WARN_UNINITIALIZED_AUTOS = YES_AGGRESSIVE;
				GCC_WARN_UNUSED_FUNCTION = YES;
				GCC_WARN_UNUSED_VARIABLE = YES;
				MTL_ENABLE_DEBUG_INFO = NO;
				MTL_FAST_MATH = YES;
				SDKROOT = appletvos;
				SWIFT_COMPILATION_MODE = wholemodule;
				SWIFT_OPTIMIZATION_LEVEL = "-O";
				TVOS_DEPLOYMENT_TARGET = 16.1;
				VALIDATE_PRODUCT = YES;
			};
			name = Release;
		};
		68CE6F1229F3D42D00DBE8F6 /* Debug */ = {
			isa = XCBuildConfiguration;
			buildSettings = {
				ASSETCATALOG_COMPILER_APPICON_NAME = "App Icon & Top Shelf Image";
				ASSETCATALOG_COMPILER_GLOBAL_ACCENT_COLOR_NAME = AccentColor;
				CLANG_ENABLE_MODULES = YES;
				CODE_SIGN_IDENTITY = "Apple Development";
				"CODE_SIGN_IDENTITY[sdk=*]" = "Apple Development";
				CODE_SIGN_STYLE = Automatic;
				CURRENT_PROJECT_VERSION = 45;
				DEVELOPMENT_TEAM = 8P23C332Y5;
				GENERATE_INFOPLIST_FILE = YES;
				INFOPLIST_FILE = "FlyCat-Info.plist";
				INFOPLIST_KEY_UILaunchStoryboardName = LaunchScreen;
				INFOPLIST_KEY_UIUserInterfaceStyle = Automatic;
				LD_RUNPATH_SEARCH_PATHS = (
					"$(inherited)",
					"@executable_path/Frameworks",
				);
				MARKETING_VERSION = 1.0;
				PRODUCT_BUNDLE_IDENTIFIER = com.freesky.flycat;
				PRODUCT_NAME = "$(TARGET_NAME)";
				PROVISIONING_PROFILE_SPECIFIER = "";
				SWIFT_EMIT_LOC_STRINGS = YES;
				SWIFT_OPTIMIZATION_LEVEL = "-Onone";
				SWIFT_VERSION = 5.0;
				TARGETED_DEVICE_FAMILY = 3;
				TVOS_DEPLOYMENT_TARGET = 14.0;
			};
			name = Debug;
		};
		68CE6F1329F3D42D00DBE8F6 /* Release */ = {
			isa = XCBuildConfiguration;
			buildSettings = {
				ASSETCATALOG_COMPILER_APPICON_NAME = "App Icon & Top Shelf Image";
				ASSETCATALOG_COMPILER_GLOBAL_ACCENT_COLOR_NAME = AccentColor;
				CLANG_ENABLE_MODULES = YES;
				CODE_SIGN_IDENTITY = "Apple Distribution";
				"CODE_SIGN_IDENTITY[sdk=appletvos*]" = "iPhone Distribution";
				CODE_SIGN_STYLE = Manual;
				CURRENT_PROJECT_VERSION = 45;
				DEVELOPMENT_TEAM = 8P23C332Y5;
				"DEVELOPMENT_TEAM[sdk=appletvos*]" = 8P23C332Y5;
				GENERATE_INFOPLIST_FILE = YES;
				INFOPLIST_FILE = "FlyCat-Info.plist";
				INFOPLIST_KEY_UILaunchStoryboardName = LaunchScreen;
				INFOPLIST_KEY_UIUserInterfaceStyle = Automatic;
				LD_RUNPATH_SEARCH_PATHS = (
					"$(inherited)",
					"@executable_path/Frameworks",
				);
				MARKETING_VERSION = 1.0;
				PRODUCT_BUNDLE_IDENTIFIER = com.freesky.flycat;
				PRODUCT_NAME = "$(TARGET_NAME)";
				PROVISIONING_PROFILE_SPECIFIER = zhouming226;
				"PROVISIONING_PROFILE_SPECIFIER[sdk=appletvos*]" = zhouming226;
				SWIFT_EMIT_LOC_STRINGS = YES;
				SWIFT_VERSION = 5.0;
				TARGETED_DEVICE_FAMILY = 3;
				TVOS_DEPLOYMENT_TARGET = 14.0;
			};
			name = Release;
		};
/* End XCBuildConfiguration section */

/* Begin XCConfigurationList section */
		68CE6EFB29F3D42C00DBE8F6 /* Build configuration list for PBXProject "FlyCat" */ = {
			isa = XCConfigurationList;
			buildConfigurations = (
				68CE6F0F29F3D42D00DBE8F6 /* Debug */,
				68CE6F1029F3D42D00DBE8F6 /* Release */,
			);
			defaultConfigurationIsVisible = 0;
			defaultConfigurationName = Release;
		};
		68CE6F1129F3D42D00DBE8F6 /* Build configuration list for PBXNativeTarget "FlyCat" */ = {
			isa = XCConfigurationList;
			buildConfigurations = (
				68CE6F1229F3D42D00DBE8F6 /* Debug */,
				68CE6F1329F3D42D00DBE8F6 /* Release */,
			);
			defaultConfigurationIsVisible = 0;
			defaultConfigurationName = Release;
		};
/* End XCConfigurationList section */

/* Begin XCRemoteSwiftPackageReference section */
		6850333C29FAA4E1000CEEB5 /* XCRemoteSwiftPackageReference "HandyJSON" */ = {
			isa = XCRemoteSwiftPackageReference;
			repositoryURL = "https://github.com/alibaba/HandyJSON.git";
			requirement = {
				kind = upToNextMajorVersion;
				minimumVersion = 5.0.0;
			};
		};
		6897335829F5577200BC7630 /* XCRemoteSwiftPackageReference "Kingfisher" */ = {
			isa = XCRemoteSwiftPackageReference;
			repositoryURL = "https://github.com/onevcat/Kingfisher.git";
			requirement = {
				kind = upToNextMajorVersion;
				minimumVersion = 7.0.0;
			};
		};
		68CE6F4329F3E91100DBE8F6 /* XCRemoteSwiftPackageReference "Alamofire" */ = {
			isa = XCRemoteSwiftPackageReference;
			repositoryURL = "https://github.com/Alamofire/Alamofire";
			requirement = {
				branch = 5.6.2;
				kind = branch;
			};
		};
/* End XCRemoteSwiftPackageReference section */

/* Begin XCSwiftPackageProductDependency section */
		6850333D29FAA4E1000CEEB5 /* HandyJSON */ = {
			isa = XCSwiftPackageProductDependency;
			package = 6850333C29FAA4E1000CEEB5 /* XCRemoteSwiftPackageReference "HandyJSON" */;
			productName = HandyJSON;
		};
		6897335929F5577200BC7630 /* Kingfisher */ = {
			isa = XCSwiftPackageProductDependency;
			package = 6897335829F5577200BC7630 /* XCRemoteSwiftPackageReference "Kingfisher" */;
			productName = Kingfisher;
		};
		68CE6F4429F3E91100DBE8F6 /* Alamofire */ = {
			isa = XCSwiftPackageProductDependency;
			package = 68CE6F4329F3E91100DBE8F6 /* XCRemoteSwiftPackageReference "Alamofire" */;
			productName = Alamofire;
		};
/* End XCSwiftPackageProductDependency section */
	};
	rootObject = 68CE6EF829F3D42C00DBE8F6 /* Project object */;
}
